
Microsoft Visual Studio Solution File, Format Version 12.00
Project("{FAE04EC0-301F-11D3-BF4B-00C04F79EFBC}") = "Common.Abstractions", "Common.Abstractions\Common.Abstractions.csproj", "{309E47CD-79D0-44E5-B58B-D5493FB4E219}"
EndProject
Project("{FAE04EC0-301F-11D3-BF4B-00C04F79EFBC}") = "Common.Tests", "Common.Tests\Common.Tests.csproj", "{396D6F53-EA2B-42FE-A5FC-B78F360BF058}"
EndProject
Global
	GlobalSection(SolutionConfigurationPlatforms) = preSolution
		Debug|Any CPU = Debug|Any CPU
		Release|Any CPU = Release|Any CPU
	EndGlobalSection
	GlobalSection(ProjectConfigurationPlatforms) = postSolution
		{309E47CD-79D0-44E5-B58B-D5493FB4E219}.Debug|Any CPU.ActiveCfg = Debug|Any CPU
		{309E47CD-79D0-44E5-B58B-D5493FB4E219}.Debug|Any CPU.Build.0 = Debug|Any CPU
		{309E47CD-79D0-44E5-B58B-D5493FB4E219}.Release|Any CPU.ActiveCfg = Release|Any CPU
		{309E47CD-79D0-44E5-B58B-D5493FB4E219}.Release|Any CPU.Build.0 = Release|Any CPU
		{396D6F53-EA2B-42FE-A5FC-B78F360BF058}.Debug|Any CPU.ActiveCfg = Debug|Any CPU
		{396D6F53-EA2B-42FE-A5FC-B78F360BF058}.Debug|Any CPU.Build.0 = Debug|Any CPU
		{396D6F53-EA2B-42FE-A5FC-B78F360BF058}.Release|Any CPU.ActiveCfg = Release|Any CPU
		{396D6F53-EA2B-42FE-A5FC-B78F360BF058}.Release|Any CPU.Build.0 = Release|Any CPU
	EndGlobalSection
EndGlobal
